
Microsoft Visual Studio Solution File, Format Version 12.00
# Visual Studio Version 16
VisualStudioVersion = 16.0.30204.135
MinimumVisualStudioVersion = 10.0.40219.1
Project("{FAE04EC0-301F-11D3-BF4B-00C04F79EFBC}") = "WindowsFormsApp1", "WindowsFormsApp1.csproj", "{F526DF10-63DA-41FE-AE0D-1A9A9DA47812}"
EndProject
Global
	GlobalSection(SolutionConfigurationPlatforms) = preSolution
		Debug|Any CPU = Debug|Any CPU
		Release|Any CPU = Release|Any CPU
	EndGlobalSection
	GlobalSection(ProjectConfigurationPlatforms) = postSolution
		{F526DF10-63DA-41FE-AE0D-1A9A9DA47812}.Debug|Any CPU.ActiveCfg = Debug|Any CPU
		{F526DF10-63DA-41FE-AE0D-1A9A9DA47812}.Debug|Any CPU.Build.0 = Debug|Any CPU
		{F526DF10-63DA-41FE-AE0D-1A9A9DA47812}.Release|Any CPU.ActiveCfg = Release|Any CPU
		{F526DF10-63DA-41FE-AE0D-1A9A9DA47812}.Release|Any CPU.Build.0 = Release|Any CPU
	EndGlobalSection
	GlobalSection(SolutionProperties) = preSolution
		HideSolutionNode = FALSE
	EndGlobalSection
	GlobalSection(ExtensibilityGlobals) = postSolution
		SolutionGuid = {FBBD84B4-9DE7-4DE2-B657-7F8414852DC8}
	EndGlobalSection
EndGlobal
